# This file is automatically @generated by Cargo.
# It is not intended for manual editing.
version = 4

[[package]]
name = "base16ct"
version = "0.3.0"
source = "registry+https://github.com/rust-lang/crates.io-index"
checksum = "d8b59d472eab27ade8d770dcb11da7201c11234bef9f82ce7aa517be028d462b"

[[package]]
name = "blobby"
version = "0.4.0"
source = "registry+https://github.com/rust-lang/crates.io-index"
checksum = "89af0b093cc13baa4e51e64e65ec2422f7e73aea0e612e5ad3872986671622f1"

[[package]]
name = "block-buffer"
version = "0.11.0-rc.5"
source = "registry+https://github.com/rust-lang/crates.io-index"
checksum = "e9ef36a6fcdb072aa548f3da057640ec10859eb4e91ddf526ee648d50c76a949"
dependencies = [
 "hybrid-array",
 "zeroize",
]

[[package]]
name = "cfg-if"
version = "1.0.4"
source = "registry+https://github.com/rust-lang/crates.io-index"
checksum = "9330f8b2ff13f34540b44e946ef35111825727b38d33286ef986142615121801"

[[package]]
name = "const-oid"
version = "0.10.1"
source = "registry+https://github.com/rust-lang/crates.io-index"
checksum = "0dabb6555f92fb9ee4140454eb5dcd14c7960e1225c6d1a6cc361f032947713e"

[[package]]
name = "cpufeatures"
version = "0.2.17"
source = "registry+https://github.com/rust-lang/crates.io-index"
checksum = "59ed5838eebb26a2bb2e58f6d5b5316989ae9d08bab10e0e6d103e656d1b0280"
dependencies = [
 "libc",
]

[[package]]
name = "crypto-common"
version = "0.2.0-rc.5"
source = "registry+https://github.com/rust-lang/crates.io-index"
checksum = "919bd05924682a5480aec713596b9e2aabed3a0a6022fab6847f85a99e5f190a"
dependencies = [
 "hybrid-array",
]

[[package]]
name = "digest"
version = "0.11.0-rc.4"
source = "registry+https://github.com/rust-lang/crates.io-index"
checksum = "ea390c940e465846d64775e55e3115d5dc934acb953de6f6e6360bc232fe2bf7"
dependencies = [
 "blobby",
 "block-buffer",
 "const-oid",
 "crypto-common",
 "zeroize",
]

[[package]]
name = "hex-literal"
version = "1.0.0"
source = "registry+https://github.com/rust-lang/crates.io-index"
checksum = "bcaaec4551594c969335c98c903c1397853d4198408ea609190f420500f6be71"

[[package]]
name = "hybrid-array"
version = "0.4.5"
source = "registry+https://github.com/rust-lang/crates.io-index"
checksum = "f471e0a81b2f90ffc0cb2f951ae04da57de8baa46fa99112b062a5173a5088d0"
dependencies = [
 "typenum",
]

[[package]]
name = "libc"
version = "0.2.177"
source = "registry+https://github.com/rust-lang/crates.io-index"
checksum = "2874a2af47a2325c2001a6e6fad9b16a53b802102b528163885171cf92b15976"

[[package]]
name = "sha2"
version = "0.11.0-rc.3"
dependencies = [
 "base16ct",
 "cfg-if",
 "cpufeatures",
 "digest",
 "hex-literal",
]

[[package]]
name = "typenum"
version = "1.19.0"
source = "registry+https://github.com/rust-lang/crates.io-index"
checksum = "562d481066bde0658276a35467c4af00bdc6ee726305698a55b86e61d7ad82bb"

[[package]]
name = "zeroize"
version = "1.8.2"
source = "registry+https://github.com/rust-lang/crates.io-index"
checksum = "b97154e67e32c85465826e8bcc1c59429aaaf107c1e4a9e53c8d8ccd5eff88d0"
